Microsoft Visual Studio Solution File, Format Version 11.00
# Visual Studio 2008

Project("{B0AA4176-0CD6-4E7A-171C-0CEA8D08A737}") = "visualMud", "Assembly-CSharp-vs.csproj", "{2047FDEF-5B1A-625A-EB7B-34B3B86D1F54}"
EndProject
Project("{B0AA4176-0CD6-4E7A-171C-0CEA8D08A737}") = "visualMud", "Assembly-CSharp-Editor-vs.csproj", "{7C2ED2E1-1F85-4D8E-438E-152A2A5BB289}"
EndProject
Global
	GlobalSection(SolutionConfigurationPlatforms) = preSolution
		Debug|Any CPU = Debug|Any CPU
		Release|Any CPU = Release|Any CPU
	EndGlobalSection
	GlobalSection(ProjectConfigurationPlatforms) = postSolution
		{2047FDEF-5B1A-625A-EB7B-34B3B86D1F54}.Debug|Any CPU.ActiveCfg = Debug|Any CPU
		{2047FDEF-5B1A-625A-EB7B-34B3B86D1F54}.Debug|Any CPU.Build.0 = Debug|Any CPU
		{2047FDEF-5B1A-625A-EB7B-34B3B86D1F54}.Release|Any CPU.ActiveCfg = Release|Any CPU
		{2047FDEF-5B1A-625A-EB7B-34B3B86D1F54}.Release|Any CPU.Build.0 = Release|Any CPU
		{7C2ED2E1-1F85-4D8E-438E-152A2A5BB289}.Debug|Any CPU.ActiveCfg = Debug|Any CPU
		{7C2ED2E1-1F85-4D8E-438E-152A2A5BB289}.Debug|Any CPU.Build.0 = Debug|Any CPU
		{7C2ED2E1-1F85-4D8E-438E-152A2A5BB289}.Release|Any CPU.ActiveCfg = Release|Any CPU
		{7C2ED2E1-1F85-4D8E-438E-152A2A5BB289}.Release|Any CPU.Build.0 = Release|Any CPU
	EndGlobalSection
	GlobalSection(SolutionProperties) = preSolution
		HideSolutionNode = FALSE
	EndGlobalSection
																		GlobalSection(MonoDevelopProperties) = preSolution
		StartupItem = Assembly-CSharp.csproj
		Policies = $0
		$0.TextStylePolicy = $1
		$1.inheritsSet = null
		$1.scope = text/x-csharp
		$0.CSharpFormattingPolicy = $2
		$2.inheritsSet = Mono
		$2.inheritsScope = text/x-csharp
		$2.scope = text/x-csharp
		$0.TextStylePolicy = $3
		$3.FileWidth = 120
		$3.TabWidth = 4
		$3.EolMarker = Unix
		$3.inheritsSet = Mono
		$3.inheritsScope = text/plain
		$3.scope = text/plain
	EndGlobalSection

EndGlobal
